
Microsoft Visual Studio Solution File, Format Version 12.00
# Visual Studio Version 16
VisualStudioVersion = 16.0.29123.88
MinimumVisualStudioVersion = 10.0.40219.1
Project("{FAE04EC0-301F-11D3-BF4B-00C04F79EFBC}") = "Exercises2.GuessingGame", "Exercises2.GuessingGame\Exercises2.GuessingGame.csproj", "{B7EB411E-522F-4D91-9045-C55B31856DC1}"
EndProject
Global
	GlobalSection(SolutionConfigurationPlatforms) = preSolution
		Debug|Any CPU = Debug|Any CPU
		Release|Any CPU = Release|Any CPU
	EndGlobalSection
	GlobalSection(ProjectConfigurationPlatforms) = postSolution
		{B7EB411E-522F-4D91-9045-C55B31856DC1}.Debug|Any CPU.ActiveCfg = Debug|Any CPU
		{B7EB411E-522F-4D91-9045-C55B31856DC1}.Debug|Any CPU.Build.0 = Debug|Any CPU
		{B7EB411E-522F-4D91-9045-C55B31856DC1}.Release|Any CPU.ActiveCfg = Release|Any CPU
		{B7EB411E-522F-4D91-9045-C55B31856DC1}.Release|Any CPU.Build.0 = Release|Any CPU
	EndGlobalSection
	GlobalSection(SolutionProperties) = preSolution
		HideSolutionNode = FALSE
	EndGlobalSection
	GlobalSection(ExtensibilityGlobals) = postSolution
		SolutionGuid = {A49BAC71-458B-4FB3-AEE8-464AA127EF2E}
	EndGlobalSection
EndGlobal
